# VERA pinned environment (CPU inference). Python 3.11.
# Install with:
#   pip install -r requirements.lock --extra-index-url https://download.pytorch.org/whl/cpu
# transformers >= 4.48 is REQUIRED: ModernBERT (gte-modernbert-base) does not exist in older releases.
--extra-index-url https://download.pytorch.org/whl/cpu
accelerate==1.15.0
datasets==5.0.1
huggingface_hub==1.33.0
mteb==2.21.8
numpy==2.2.6
onnxruntime==1.30.0
pandas==3.0.6
peft==0.21.0
polars==1.44.2
psutil==7.2.2
pyarrow==25.0.1
pydantic==2.13.5
pytest==9.1.1
pytrec_eval-terrier==0.5.10
rich==15.0.0
safetensors==0.8.0
scikit-learn==1.9.1
scipy==1.17.1
sentence-transformers==6.1.0
tokenizers==0.23.2
torch==2.14.0+cpu
tqdm==4.70.1
transformers==5.17.0
typing_extensions==4.16.0
